
Microsoft Visual Studio Solution File, Format Version 12.00
# Visual Studio Version 17
VisualStudioVersion = 17.4.33205.214
MinimumVisualStudioVersion = 10.0.40219.1
Project("{FAE04EC0-301F-11D3-BF4B-00C04F79EFBC}") = "addressbook_tests_autoit", "addressbook_tests_autoit\addressbook_tests_autoit.csproj", "{AC7416B5-1CF9-45FD-87F9-EAA74B59F103}"
EndProject
Global
	GlobalSection(SolutionConfigurationPlatforms) = preSolution
		Debug|Any CPU = Debug|Any CPU
		Release|Any CPU = Release|Any CPU
	EndGlobalSection
	GlobalSection(ProjectConfigurationPlatforms) = postSolution
		{AC7416B5-1CF9-45FD-87F9-EAA74B59F103}.Debug|Any CPU.ActiveCfg = Debug|Any CPU
		{AC7416B5-1CF9-45FD-87F9-EAA74B59F103}.Debug|Any CPU.Build.0 = Debug|Any CPU
		{AC7416B5-1CF9-45FD-87F9-EAA74B59F103}.Release|Any CPU.ActiveCfg = Release|Any CPU
		{AC7416B5-1CF9-45FD-87F9-EAA74B59F103}.Release|Any CPU.Build.0 = Release|Any CPU
	EndGlobalSection
	GlobalSection(SolutionProperties) = preSolution
		HideSolutionNode = FALSE
	EndGlobalSection
	GlobalSection(ExtensibilityGlobals) = postSolution
		SolutionGuid = {67A6B812-B575-4D37-9E63-FEFCAB4C0798}
	EndGlobalSection
EndGlobal
